{
  "name": "bcash",
  "version": "2.1.3",
  "lockfileVersion": 1,
  "requires": true,
  "dependencies": {
    "bcfg": {
      "version": "git+https://github.com/bcoin-org/bcfg.git#1216c775832c2e138ae6451912a27ba496dc4386",
      "from": "git+https://github.com/bcoin-org/bcfg.git#semver:~0.1.6",
      "requires": {
        "bsert": "~0.0.10"
      },
      "dependencies": {
        "bsert": {
          "version": "0.0.10",
          "resolved": "https://registry.npmjs.org/bsert/-/bsert-0.0.10.tgz",
          "integrity": "sha512-NHNwlac+WPy4t2LoNh8pXk8uaIGH3NSaIUbTTRXGpE2WEbq0te/tDykYHkFK57YKLPjv/aGHmbqvnGeVWDz57Q=="
        }
      }
    },
    "bcrypto": {
      "version": "git+https://github.com/bcoin-org/bcrypto.git#0a01f693443d8b19f6db1154e0133c7bf703b205",
      "from": "git+https://github.com/bcoin-org/bcrypto.git#semver:~5.0.4",
      "requires": {
        "bufio": "~1.0.6",
        "loady": "~0.0.1",
        "nan": "^2.14.0"
      },
      "dependencies": {
        "bufio": {
          "version": "1.0.6",
          "resolved": "https://registry.npmjs.org/bufio/-/bufio-1.0.6.tgz",
          "integrity": "sha512-mjYZFRHmI9bk3Oeexu0rWjHFY+w6hGLabdmwSFzq+EFr4MHHsNOYduDVdYl71NG5pTPL7GGzUCMk9cYuV34/Qw=="
        },
        "loady": {
          "version": "0.0.1",
          "resolved": "https://registry.npmjs.org/loady/-/loady-0.0.1.tgz",
          "integrity": "sha512-PW5Z13Jd0v6ZcA1P6ZVUc3EV8BJwQuAiwUvvT6VQGHoaZ1d/tu7r1QZctuKfQqwy9SFBWeAGfcIdLxhp7ZW3Rw=="
        },
        "nan": {
          "version": "2.14.0",
          "resolved": "https://registry.npmjs.org/nan/-/nan-2.14.0.tgz",
          "integrity": "sha512-INOFj37C7k3AfaNTtX8RhsTw7qRy7eLET14cROi9+5HAVbbHuIWUHEauBv5qT4Av2tWasiTY1Jw6puUNqRJXQg=="
        }
      }
    },
    "bcurl": {
      "version": "git+https://github.com/bcoin-org/bcurl.git#ca012bf346802ae3c0f5c142132085133fe730e5",
      "from": "git+https://github.com/bcoin-org/bcurl.git#semver:^0.1.6",
      "requires": {
        "brq": "~0.1.8",
        "bsert": "~0.0.10",
        "bsock": "~0.1.9"
      },
      "dependencies": {
        "brq": {
          "version": "0.1.8",
          "resolved": "https://registry.npmjs.org/brq/-/brq-0.1.8.tgz",
          "integrity": "sha512-6SDY1lJMKXgt5TZ6voJQMH2zV1XPWWtm203PSkx3DSg9AYNYuRfOPFSBDkNemabzgpzFW9/neR4YhTvyJml8rQ==",
          "requires": {
            "bsert": "~0.0.10"
          }
        },
        "bsert": {
          "version": "0.0.10",
          "resolved": "https://registry.npmjs.org/bsert/-/bsert-0.0.10.tgz",
          "integrity": "sha512-NHNwlac+WPy4t2LoNh8pXk8uaIGH3NSaIUbTTRXGpE2WEbq0te/tDykYHkFK57YKLPjv/aGHmbqvnGeVWDz57Q=="
        },
        "bsock": {
          "version": "0.1.9",
          "resolved": "https://registry.npmjs.org/bsock/-/bsock-0.1.9.tgz",
          "integrity": "sha512-/l9Kg/c5o+n/0AqreMxh2jpzDMl1ikl4gUxT7RFNe3A3YRIyZkiREhwcjmqxiymJSRI/Qhew357xGn1SLw/xEw==",
          "requires": {
            "bsert": "~0.0.10"
          }
        }
      }
    },
    "bdb": {
      "version": "git+https://github.com/bcoin-org/bdb.git#2c8d48c8adca4b11260263472766cd4b7ae74ef7",
      "from": "git+https://github.com/bcoin-org/bdb.git#semver:~1.2.1",
      "requires": {
        "bsert": "~0.0.10",
        "loady": "~0.0.1"
      },
      "dependencies": {
        "bsert": {
          "version": "0.0.10",
          "resolved": "https://registry.npmjs.org/bsert/-/bsert-0.0.10.tgz",
          "integrity": "sha512-NHNwlac+WPy4t2LoNh8pXk8uaIGH3NSaIUbTTRXGpE2WEbq0te/tDykYHkFK57YKLPjv/aGHmbqvnGeVWDz57Q=="
        },
        "loady": {
          "version": "0.0.1",
          "resolved": "https://registry.npmjs.org/loady/-/loady-0.0.1.tgz",
          "integrity": "sha512-PW5Z13Jd0v6ZcA1P6ZVUc3EV8BJwQuAiwUvvT6VQGHoaZ1d/tu7r1QZctuKfQqwy9SFBWeAGfcIdLxhp7ZW3Rw=="
        }
      }
    },
    "bdns": {
      "version": "git+https://github.com/bcoin-org/bdns.git#cb0b62a0075f7e1259fc50fa723ba644e9a07d14",
      "from": "git+https://github.com/bcoin-org/bdns.git#semver:~0.1.5",
      "requires": {
        "bsert": "~0.0.10"
      },
      "dependencies": {
        "bsert": {
          "version": "0.0.10",
          "resolved": "https://registry.npmjs.org/bsert/-/bsert-0.0.10.tgz",
          "integrity": "sha512-NHNwlac+WPy4t2LoNh8pXk8uaIGH3NSaIUbTTRXGpE2WEbq0te/tDykYHkFK57YKLPjv/aGHmbqvnGeVWDz57Q=="
        }
      }
    },
    "bevent": {
      "version": "git+https://github.com/bcoin-org/bevent.git#60fb503de3ea1292d29ce438bfba80f0bc5ccb60",
      "from": "git+https://github.com/bcoin-org/bevent.git#semver:~0.1.5",
      "requires": {
        "bsert": "~0.0.10"
      },
      "dependencies": {
        "bsert": {
          "version": "0.0.10",
          "resolved": "https://registry.npmjs.org/bsert/-/bsert-0.0.10.tgz",
          "integrity": "sha512-NHNwlac+WPy4t2LoNh8pXk8uaIGH3NSaIUbTTRXGpE2WEbq0te/tDykYHkFK57YKLPjv/aGHmbqvnGeVWDz57Q=="
        }
      }
    },
    "bfile": {
      "version": "git+https://github.com/bcoin-org/bfile.git#c3075133a02830dc384f8353d8275d4499b8bff9",
      "from": "git+https://github.com/bcoin-org/bfile.git#semver:~0.2.1"
    },
    "bfilter": {
      "version": "git+https://github.com/bcoin-org/bfilter.git#252b496e0057e1b59288efe8472fd021c74f5b91",
      "from": "git+https://github.com/bcoin-org/bfilter.git#semver:~2.0.0",
      "requires": {
        "bcrypto": "git+https://github.com/bcoin-org/bcrypto.git#semver:~5.0.4",
        "bsert": "git+https://github.com/chjj/bsert.git#semver:~0.0.10",
        "bufio": "git+https://github.com/bcoin-org/bufio.git#semver:~1.0.6",
        "loady": "git+https://github.com/chjj/loady.git#semver:~0.0.1",
        "nan": "git+https://github.com/braydonf/nan.git#semver:=2.14.0"
      }
    },
    "bheep": {
      "version": "git+https://github.com/bcoin-org/bheep.git#e59329d0a776ae71b2fb7a2876ee5b9fd3030fa2",
      "from": "git+https://github.com/bcoin-org/bheep.git#semver:~0.1.5",
      "requires": {
        "bsert": "~0.0.10"
      },
      "dependencies": {
        "bsert": {
          "version": "0.0.10",
          "resolved": "https://registry.npmjs.org/bsert/-/bsert-0.0.10.tgz",
          "integrity": "sha512-NHNwlac+WPy4t2LoNh8pXk8uaIGH3NSaIUbTTRXGpE2WEbq0te/tDykYHkFK57YKLPjv/aGHmbqvnGeVWDz57Q=="
        }
      }
    },
    "big-integer": {
      "version": "1.6.36",
      "resolved": "https://registry.npmjs.org/big-integer/-/big-integer-1.6.36.tgz",
      "integrity": "sha512-t70bfa7HYEA1D9idDbmuv7YbsbVkQ+Hp+8KFSul4aE5e/i1bjCNIRYJZlA8Q8p0r9T8cF/RVvwUgRA//FydEyg=="
    },
    "binet": {
      "version": "git+https://github.com/bcoin-org/binet.git#d3decfb7a7257abdfb03c3a9c091499b2ebff0e1",
      "from": "git+https://github.com/bcoin-org/binet.git#semver:~0.3.5",
      "requires": {
        "bs32": "~0.1.5",
        "bsert": "~0.0.10"
      },
      "dependencies": {
        "bs32": {
          "version": "0.1.6",
          "resolved": "https://registry.npmjs.org/bs32/-/bs32-0.1.6.tgz",
          "integrity": "sha512-usjDesQqZ8ihHXOnOEQuAdymBHnJEfSd+aELFSg1jN/V3iAf12HrylHlRJwIt6DTMmXpBDQ+YBg3Q3DIYdhRgQ==",
          "requires": {
            "bsert": "~0.0.10"
          }
        },
        "bsert": {
          "version": "0.0.10",
          "resolved": "https://registry.npmjs.org/bsert/-/bsert-0.0.10.tgz",
          "integrity": "sha512-NHNwlac+WPy4t2LoNh8pXk8uaIGH3NSaIUbTTRXGpE2WEbq0te/tDykYHkFK57YKLPjv/aGHmbqvnGeVWDz57Q=="
        }
      }
    },
    "blgr": {
      "version": "git+https://github.com/bcoin-org/blgr.git#69c49d564b96e1ca0898ed039fca2edd614cddae",
      "from": "git+https://github.com/bcoin-org/blgr.git#semver:~0.1.7",
      "requires": {
        "bsert": "~0.0.10"
      },
      "dependencies": {
        "bsert": {
          "version": "0.0.10",
          "resolved": "https://registry.npmjs.org/bsert/-/bsert-0.0.10.tgz",
          "integrity": "sha512-NHNwlac+WPy4t2LoNh8pXk8uaIGH3NSaIUbTTRXGpE2WEbq0te/tDykYHkFK57YKLPjv/aGHmbqvnGeVWDz57Q=="
        }
      }
    },
    "blru": {
      "version": "git+https://github.com/bcoin-org/blru.git#c2c093e9475439333dfb87bfb2fdc3be6c98b080",
      "from": "git+https://github.com/bcoin-org/blru.git#semver:~0.1.6",
      "requires": {
        "bsert": "~0.0.10"
      },
      "dependencies": {
        "bsert": {
          "version": "0.0.10",
          "resolved": "https://registry.npmjs.org/bsert/-/bsert-0.0.10.tgz",
          "integrity": "sha512-NHNwlac+WPy4t2LoNh8pXk8uaIGH3NSaIUbTTRXGpE2WEbq0te/tDykYHkFK57YKLPjv/aGHmbqvnGeVWDz57Q=="
        }
      }
    },
    "blst": {
      "version": "git+https://github.com/bcoin-org/blst.git#d588403edb18e628899e05aeba8c3a98a5cdedff",
      "from": "git+https://github.com/bcoin-org/blst.git#semver:~0.1.5",
      "requires": {
        "bsert": "~0.0.10"
      },
      "dependencies": {
        "bsert": {
          "version": "0.0.10",
          "resolved": "https://registry.npmjs.org/bsert/-/bsert-0.0.10.tgz",
          "integrity": "sha512-NHNwlac+WPy4t2LoNh8pXk8uaIGH3NSaIUbTTRXGpE2WEbq0te/tDykYHkFK57YKLPjv/aGHmbqvnGeVWDz57Q=="
        }
      }
    },
    "bmocha": {
      "version": "git+https://github.com/bcoin-org/bmocha.git#ec7daf1674180000e1ba7b24c431b117b4f18c9c",
      "from": "git+https://github.com/bcoin-org/bmocha.git#semver:=2.1.2",
      "dev": true
    },
    "bmutex": {
      "version": "git+https://github.com/bcoin-org/bmutex.git#e50782323932a4946ecc05a74c6d45861adc2c25",
      "from": "git+https://github.com/bcoin-org/bmutex.git#semver:~0.1.6",
      "requires": {
        "bsert": "~0.0.10"
      },
      "dependencies": {
        "bsert": {
          "version": "0.0.10",
          "resolved": "https://registry.npmjs.org/bsert/-/bsert-0.0.10.tgz",
          "integrity": "sha512-NHNwlac+WPy4t2LoNh8pXk8uaIGH3NSaIUbTTRXGpE2WEbq0te/tDykYHkFK57YKLPjv/aGHmbqvnGeVWDz57Q=="
        }
      }
    },
    "brq": {
      "version": "git+https://github.com/bcoin-org/brq.git#534bb2c83fb366ba40ad80bc3de796a174503294",
      "from": "git+https://github.com/bcoin-org/brq.git#semver:~0.1.7",
      "requires": {
        "bsert": "~0.0.10"
      },
      "dependencies": {
        "bsert": {
          "version": "0.0.10",
          "resolved": "https://registry.npmjs.org/bsert/-/bsert-0.0.10.tgz",
          "integrity": "sha512-NHNwlac+WPy4t2LoNh8pXk8uaIGH3NSaIUbTTRXGpE2WEbq0te/tDykYHkFK57YKLPjv/aGHmbqvnGeVWDz57Q=="
        }
      }
    },
    "bs32": {
      "version": "git+https://github.com/bcoin-org/bs32.git#21cf9c724659dc15df722d2410548828c142f265",
      "from": "git+https://github.com/bcoin-org/bs32.git#semver:=0.1.6",
      "requires": {
        "bsert": "~0.0.10"
      },
      "dependencies": {
        "bsert": {
          "version": "0.0.10",
          "resolved": "https://registry.npmjs.org/bsert/-/bsert-0.0.10.tgz",
          "integrity": "sha512-NHNwlac+WPy4t2LoNh8pXk8uaIGH3NSaIUbTTRXGpE2WEbq0te/tDykYHkFK57YKLPjv/aGHmbqvnGeVWDz57Q=="
        }
      }
    },
    "bsert": {
      "version": "git+https://github.com/chjj/bsert.git#bd09d49eab8644bca08ae8259a3d8756e7d453fc",
      "from": "git+https://github.com/chjj/bsert.git#semver:~0.0.10"
    },
    "bsip": {
      "version": "0.1.9",
      "resolved": "https://registry.npmjs.org/bsip/-/bsip-0.1.9.tgz",
      "integrity": "sha512-i7cVEfCthASPB3BYKS/pZN/D4kh4vToIlSAFcVBLNjzYl1UirT3E2PIGSfNnYR2qZ3UW1qnDavrWEHhLeSKt2A==",
      "requires": {
        "bsert": "~0.0.10",
        "loady": "~0.0.1",
        "nan": "^2.13.1"
      }
    },
    "bsock": {
      "version": "git+https://github.com/bcoin-org/bsock.git#7cf76b3021ae7929c023d1170f789811e91ae528",
      "from": "git+https://github.com/bcoin-org/bsock.git#semver:~0.1.9",
      "requires": {
        "bsert": "~0.0.10"
      },
      "dependencies": {
        "bsert": {
          "version": "0.0.10",
          "resolved": "https://registry.npmjs.org/bsert/-/bsert-0.0.10.tgz",
          "integrity": "sha512-NHNwlac+WPy4t2LoNh8pXk8uaIGH3NSaIUbTTRXGpE2WEbq0te/tDykYHkFK57YKLPjv/aGHmbqvnGeVWDz57Q=="
        }
      }
    },
    "bsocks": {
      "version": "git+https://github.com/bcoin-org/bsocks.git#6a8eb764dc4408e7f47da4f84e1afb1b393117e8",
      "from": "git+https://github.com/bcoin-org/bsocks.git#semver:~0.2.6",
      "requires": {
        "binet": "~0.3.5",
        "bsert": "~0.0.10"
      },
      "dependencies": {
        "binet": {
          "version": "0.3.5",
          "resolved": "https://registry.npmjs.org/binet/-/binet-0.3.5.tgz",
          "integrity": "sha512-suogkqXrt63Z76ABvwJjI28w+LWrRE53nwItDPz1VwNjHEuh1+rxudGYtoewFmMhkJ9pW/VGGnjoxP+AGzHgLQ==",
          "requires": {
            "bs32": "~0.1.5",
            "bsert": "~0.0.10"
          }
        },
        "bs32": {
          "version": "0.1.6",
          "resolved": "https://registry.npmjs.org/bs32/-/bs32-0.1.6.tgz",
          "integrity": "sha512-usjDesQqZ8ihHXOnOEQuAdymBHnJEfSd+aELFSg1jN/V3iAf12HrylHlRJwIt6DTMmXpBDQ+YBg3Q3DIYdhRgQ==",
          "requires": {
            "bsert": "~0.0.10"
          }
        },
        "bsert": {
          "version": "0.0.10",
          "resolved": "https://registry.npmjs.org/bsert/-/bsert-0.0.10.tgz",
          "integrity": "sha512-NHNwlac+WPy4t2LoNh8pXk8uaIGH3NSaIUbTTRXGpE2WEbq0te/tDykYHkFK57YKLPjv/aGHmbqvnGeVWDz57Q=="
        }
      }
    },
    "bstring": {
      "version": "0.3.9",
      "resolved": "https://registry.npmjs.org/bstring/-/bstring-0.3.9.tgz",
      "integrity": "sha512-D95flI7SXL+UsQi9mW+hH+AK2AFfafIJi+3GbbyTAWMe2FqwR9keBxsjGiGd/JM+77Y9WsC+M4EhZVNVcym9jw==",
      "requires": {
        "bsert": "~0.0.10",
        "loady": "~0.0.1",
        "nan": "^2.13.1"
      }
    },
    "btcp": {
      "version": "git+https://github.com/bcoin-org/btcp.git#4ea7e1ce5a43cd5348152c007aff76a419190a3a",
      "from": "git+https://github.com/bcoin-org/btcp.git#semver:~0.1.5"
    },
    "buffer-map": {
      "version": "git+https://github.com/chjj/buffer-map.git#bad5863af9a520701937a17fc8fa2bd8ca8e73f3",
      "from": "git+https://github.com/chjj/buffer-map.git#semver:~0.0.7"
    },
    "bufio": {
      "version": "git+https://github.com/bcoin-org/bufio.git#91ae6c93899ff9fad7d7cee9afd2a1c4933ca984",
      "from": "git+https://github.com/bcoin-org/bufio.git#semver:~1.0.6"
    },
    "bupnp": {
      "version": "git+https://github.com/bcoin-org/bupnp.git#c44fa7356aa297c9de96e8ad094a6816939cd688",
      "from": "git+https://github.com/bcoin-org/bupnp.git#semver:~0.2.6",
      "requires": {
        "binet": "~0.3.5",
        "brq": "~0.1.7",
        "bsert": "~0.0.10"
      },
      "dependencies": {
        "binet": {
          "version": "0.3.5",
          "resolved": "https://registry.npmjs.org/binet/-/binet-0.3.5.tgz",
          "integrity": "sha512-suogkqXrt63Z76ABvwJjI28w+LWrRE53nwItDPz1VwNjHEuh1+rxudGYtoewFmMhkJ9pW/VGGnjoxP+AGzHgLQ==",
          "requires": {
            "bs32": "~0.1.5",
            "bsert": "~0.0.10"
          }
        },
        "brq": {
          "version": "0.1.8",
          "resolved": "https://registry.npmjs.org/brq/-/brq-0.1.8.tgz",
          "integrity": "sha512-6SDY1lJMKXgt5TZ6voJQMH2zV1XPWWtm203PSkx3DSg9AYNYuRfOPFSBDkNemabzgpzFW9/neR4YhTvyJml8rQ==",
          "requires": {
            "bsert": "~0.0.10"
          }
        },
        "bs32": {
          "version": "0.1.6",
          "resolved": "https://registry.npmjs.org/bs32/-/bs32-0.1.6.tgz",
          "integrity": "sha512-usjDesQqZ8ihHXOnOEQuAdymBHnJEfSd+aELFSg1jN/V3iAf12HrylHlRJwIt6DTMmXpBDQ+YBg3Q3DIYdhRgQ==",
          "requires": {
            "bsert": "~0.0.10"
          }
        },
        "bsert": {
          "version": "0.0.10",
          "resolved": "https://registry.npmjs.org/bsert/-/bsert-0.0.10.tgz",
          "integrity": "sha512-NHNwlac+WPy4t2LoNh8pXk8uaIGH3NSaIUbTTRXGpE2WEbq0te/tDykYHkFK57YKLPjv/aGHmbqvnGeVWDz57Q=="
        }
      }
    },
    "bval": {
      "version": "git+https://github.com/bcoin-org/bval.git#c8cd14419ca46f63610dc48b797b076835e86f48",
      "from": "git+https://github.com/bcoin-org/bval.git#semver:~0.1.6",
      "requires": {
        "bsert": "~0.0.10"
      },
      "dependencies": {
        "bsert": {
          "version": "0.0.10",
          "resolved": "https://registry.npmjs.org/bsert/-/bsert-0.0.10.tgz",
          "integrity": "sha512-NHNwlac+WPy4t2LoNh8pXk8uaIGH3NSaIUbTTRXGpE2WEbq0te/tDykYHkFK57YKLPjv/aGHmbqvnGeVWDz57Q=="
        }
      }
    },
    "bweb": {
      "version": "git+https://github.com/bcoin-org/bweb.git#31ae94ec9e97079610394e91928fe070d312c39d",
      "from": "git+https://github.com/bcoin-org/bweb.git#semver:=0.1.9",
      "requires": {
        "bsert": "~0.0.10",
        "bsock": "~0.1.8"
      },
      "dependencies": {
        "bsert": {
          "version": "0.0.10",
          "resolved": "https://registry.npmjs.org/bsert/-/bsert-0.0.10.tgz",
          "integrity": "sha512-NHNwlac+WPy4t2LoNh8pXk8uaIGH3NSaIUbTTRXGpE2WEbq0te/tDykYHkFK57YKLPjv/aGHmbqvnGeVWDz57Q=="
        },
        "bsock": {
          "version": "0.1.9",
          "resolved": "https://registry.npmjs.org/bsock/-/bsock-0.1.9.tgz",
          "integrity": "sha512-/l9Kg/c5o+n/0AqreMxh2jpzDMl1ikl4gUxT7RFNe3A3YRIyZkiREhwcjmqxiymJSRI/Qhew357xGn1SLw/xEw==",
          "requires": {
            "bsert": "~0.0.10"
          }
        }
      }
    },
    "ecashaddrjs": {
      "version": "1.0.7",
      "resolved": "https://registry.npmjs.org/ecashaddrjs/-/ecashaddrjs-1.0.7.tgz",
      "integrity": "sha512-KsvHYLlYtLr/GBkEPiwwQDIDBzqRx61qC34n1puHKOjVE4Uwg3syHccjFCqNynLa6T6xI0Rd7ByCRUJcuJcoIw==",
      "requires": {
        "big-integer": "1.6.36"
      }
    },
    "loady": {
      "version": "git+https://github.com/chjj/loady.git#b94958b7ee061518f4b85ea6da380e7ee93222d5",
      "from": "git+https://github.com/chjj/loady.git#semver:~0.0.1"
    },
    "mrmr": {
      "version": "0.1.10",
      "resolved": "https://registry.npmjs.org/mrmr/-/mrmr-0.1.10.tgz",
      "integrity": "sha512-NJRJs+yJyRWwcTqLRf7O32n56UP1+UQoTrGVEoB3LMj0h2jlon790drDbxKvi5mK5k4HfC0cpNkxqHcrJK/evg==",
      "requires": {
        "bsert": "~0.0.10",
        "loady": "~0.0.5"
      }
    },
    "n64": {
      "version": "git+https://github.com/chjj/n64.git#34f981f1441f569821d97a31f8cf21a3fc11b8f6",
      "from": "git+https://github.com/chjj/n64.git#semver:~0.2.10"
    },
    "nan": {
      "version": "git+https://github.com/braydonf/nan.git#1dcc61bd06d84e389bfd5311b2b1492a14c74201",
      "from": "git+https://github.com/braydonf/nan.git#semver:=2.14.0"
    }
  }
}
