{
  "name": "@hansekontor/checkout-components",
  "version": "1.0.1",
  "lockfileVersion": 3,
  "requires": true,
  "packages": {
    "": {
      "name": "@hansekontor/checkout-components",
      "version": "1.0.1",
      "bundleDependencies": [
        "bcfg",
        "bcurl",
        "bdb",
        "bdns",
        "bevent",
        "bfile",
        "bheep",
        "binet",
        "blgr",
        "blru",
        "blst",
        "bmutex",
        "brq",
        "bs32",
        "bsert",
        "bsock",
        "bsocks",
        "btcp",
        "buffer-map",
        "bufio",
        "bupnp",
        "bval",
        "bweb",
        "loady",
        "n64",
        "nan"
      ],
      "license": "MIT",
      "dependencies": {
        "bcfg": "git+https://github.com/bcoin-org/bcfg.git#semver:~0.1.6",
        "bcurl": "git+https://github.com/bcoin-org/bcurl.git#semver:^0.1.6",
        "bdb": "git+https://github.com/bcoin-org/bdb.git#semver:~1.2.1",
        "bdns": "git+https://github.com/bcoin-org/bdns.git#semver:~0.1.5",
        "bevent": "git+https://github.com/bcoin-org/bevent.git#semver:~0.1.5",
        "bfile": "git+https://github.com/bcoin-org/bfile.git#semver:~0.2.1",
        "bheep": "git+https://github.com/bcoin-org/bheep.git#semver:~0.1.5",
        "binet": "git+https://github.com/bcoin-org/binet.git#semver:~0.3.5",
        "blgr": "git+https://github.com/bcoin-org/blgr.git#semver:~0.1.7",
        "blru": "0.1.6",
        "blst": "git+https://github.com/bcoin-org/blst.git#semver:~0.1.5",
        "bmutex": "0.1.6",
        "brq": "git+https://github.com/bcoin-org/brq.git#semver:~0.1.7",
        "bs32": "git+https://github.com/bcoin-org/bs32.git#semver:=0.1.6",
        "bsert": "git+https://github.com/chjj/bsert.git#semver:~0.0.10",
        "bsip": "^0.1.8",
        "bsock": "git+https://github.com/bcoin-org/bsock.git#semver:~0.1.9",
        "bsocks": "git+https://github.com/bcoin-org/bsocks.git#semver:~0.2.6",
        "bstring": "^0.3.8",
        "btcp": "git+https://github.com/bcoin-org/btcp.git#semver:~0.1.5",
        "buffer-map": "git+https://github.com/chjj/buffer-map.git#semver:~0.0.7",
        "bufio": "git+https://github.com/bcoin-org/bufio.git#semver:~1.0.6",
        "bupnp": "git+https://github.com/bcoin-org/bupnp.git#semver:~0.2.6",
        "bval": "git+https://github.com/bcoin-org/bval.git#semver:~0.1.6",
        "bweb": "git+https://github.com/bcoin-org/bweb.git#semver:=0.1.9",
        "ecashaddrjs": "^1.0.7",
        "loady": "git+https://github.com/chjj/loady.git#semver:~0.0.1",
        "mrmr": "^0.1.8",
        "n64": "git+https://github.com/chjj/n64.git#semver:~0.2.10",
        "nan": "git+https://github.com/braydonf/nan.git#semver:=2.14.0"
      },
      "bin": {
        "bcash": "bin/bcash",
        "bcash-cli": "bin/bcash-cli",
        "bcash-node": "bin/node",
        "bcash-spvnode": "bin/spvnode",
        "bwallet": "bin/bwallet",
        "bwallet-cli": "bin/bwallet-cli"
      },
      "devDependencies": {
        "bmocha": "git+https://github.com/bcoin-org/bmocha.git#semver:=2.1.2"
      },
      "engines": {
        "node": ">=10.0.0"
      }
    },
    "node_modules/@noble/hashes": {
      "version": "1.5.0",
      "resolved": "https://registry.npmjs.org/@noble/hashes/-/hashes-1.5.0.tgz",
      "integrity": "sha512-1j6kQFb7QRru7eKN3ZDvRcP13rugwdxZqCjbiAVZfIJwgj2A65UmT4TgARXGlXgnRkORLTDTrO19ZErt7+QXgA==",
      "license": "MIT",
      "engines": {
        "node": "^14.21.3 || >=16"
      },
      "funding": {
        "url": "https://paulmillr.com/funding/"
      }
    },
    "node_modules/base-x": {
      "version": "4.0.0",
      "resolved": "https://registry.npmjs.org/base-x/-/base-x-4.0.0.tgz",
      "integrity": "sha512-FuwxlW4H5kh37X/oW59pwTzzTKRzfrrQwhmyspRM7swOEZcHtDZSCt45U6oKgtuFE+WYPblePMVIPR4RZrh/hw==",
      "license": "MIT"
    },
    "node_modules/bcfg": {
      "version": "0.1.8",
      "resolved": "git+ssh://git@github.com/bcoin-org/bcfg.git#90e1aff3b040160cd73956a500765ffcc823f0c2",
      "inBundle": true,
      "license": "MIT",
      "dependencies": {
        "bsert": "~0.0.10"
      },
      "engines": {
        "node": ">=8.0.0"
      }
    },
    "node_modules/bcurl": {
      "version": "0.1.10",
      "resolved": "git+ssh://git@github.com/bcoin-org/bcurl.git#d7e088fad4c284fb5d6fd7205c6b903bd3e6bf83",
      "inBundle": true,
      "license": "MIT",
      "dependencies": {
        "brq": "~0.1.8",
        "bsert": "~0.0.10",
        "bsock": "~0.1.9"
      },
      "engines": {
        "node": ">=8.0.0"
      }
    },
    "node_modules/bdb": {
      "version": "1.2.2",
      "resolved": "git+ssh://git@github.com/bcoin-org/bdb.git#2c8d48c8adca4b11260263472766cd4b7ae74ef7",
      "hasInstallScript": true,
      "inBundle": true,
      "license": "MIT",
      "dependencies": {
        "bsert": "~0.0.10",
        "loady": "~0.0.1"
      },
      "engines": {
        "node": ">=8.6.0"
      }
    },
    "node_modules/bdns": {
      "version": "0.1.5",
      "resolved": "git+ssh://git@github.com/bcoin-org/bdns.git#cb0b62a0075f7e1259fc50fa723ba644e9a07d14",
      "inBundle": true,
      "license": "MIT",
      "dependencies": {
        "bsert": "~0.0.10"
      },
      "engines": {
        "node": ">=8.0.0"
      }
    },
    "node_modules/bevent": {
      "version": "0.1.6",
      "resolved": "git+ssh://git@github.com/bcoin-org/bevent.git#b228729a129987e0ef862d635b15f953b98e68c4",
      "inBundle": true,
      "license": "MIT",
      "dependencies": {
        "bsert": "~0.0.12"
      },
      "engines": {
        "node": ">=8.0.0"
      }
    },
    "node_modules/bfile": {
      "version": "0.2.3",
      "resolved": "git+ssh://git@github.com/bcoin-org/bfile.git#c13235d04974f0fa5a487fdbaf74611523e2f4e6",
      "inBundle": true,
      "license": "MIT",
      "engines": {
        "node": ">=8.0.0"
      }
    },
    "node_modules/bheep": {
      "version": "0.1.6",
      "resolved": "git+ssh://git@github.com/bcoin-org/bheep.git#b49f5ec2b74465c2c062e8e9467f1fc1c5e08999",
      "inBundle": true,
      "license": "MIT",
      "dependencies": {
        "bsert": "~0.0.12"
      },
      "engines": {
        "node": ">=8.0.0"
      }
    },
    "node_modules/big-integer": {
      "version": "1.6.36",
      "resolved": "https://registry.npmjs.org/big-integer/-/big-integer-1.6.36.tgz",
      "integrity": "sha512-t70bfa7HYEA1D9idDbmuv7YbsbVkQ+Hp+8KFSul4aE5e/i1bjCNIRYJZlA8Q8p0r9T8cF/RVvwUgRA//FydEyg==",
      "license": "Unlicense",
      "engines": {
        "node": ">=0.6"
      }
    },
    "node_modules/binet": {
      "version": "0.3.9",
      "resolved": "git+ssh://git@github.com/bcoin-org/binet.git#9f6a82025db7722abce554749147a832348f5b07",
      "inBundle": true,
      "license": "MIT",
      "dependencies": {
        "bs32": "~0.1.7",
        "bsert": "~0.0.12"
      },
      "engines": {
        "node": ">=8.0.0"
      }
    },
    "node_modules/binet/node_modules/bs32": {
      "version": "0.1.7",
      "resolved": "https://registry.npmjs.org/bs32/-/bs32-0.1.7.tgz",
      "integrity": "sha512-I0aKZCBneFTkcVNUIALzsOevqPIF93ynGPX6wj6pXmIBpXVGCqTgdvMx2QyR/NwgOIqMLH++Ovyum28abVG6QA==",
      "inBundle": true,
      "license": "MIT",
      "dependencies": {
        "bsert": "~0.0.10"
      },
      "engines": {
        "node": ">=8.0.0"
      }
    },
    "node_modules/blgr": {
      "version": "0.1.9",
      "resolved": "git+ssh://git@github.com/bcoin-org/blgr.git#d95f22fef712becee80588de07807c6f92436c7c",
      "inBundle": true,
      "license": "MIT",
      "dependencies": {
        "bsert": "~0.0.10"
      },
      "engines": {
        "node": ">=8.0.0"
      }
    },
    "node_modules/blru": {
      "version": "0.1.6",
      "resolved": "https://registry.npmjs.org/blru/-/blru-0.1.6.tgz",
      "integrity": "sha512-34+xZ2u4ys/aUzWCU9m6Eee4nVuN1ywdxbi8b3Z2WULU6qvnfeHvCWEdGzlVfRbbhimG2xxJX6R77GD2cuVO6w==",
      "inBundle": true,
      "license": "MIT",
      "dependencies": {
        "bsert": "~0.0.10"
      },
      "engines": {
        "node": ">=8.0.0"
      }
    },
    "node_modules/blst": {
      "version": "0.1.6",
      "resolved": "git+ssh://git@github.com/bcoin-org/blst.git#44dcdd354445d76f91ec3e6fce797800cf41d0f4",
      "inBundle": true,
      "license": "MIT",
      "dependencies": {
        "bsert": "~0.0.12"
      },
      "engines": {
        "node": ">=8.0.0"
      }
    },
    "node_modules/bmocha": {
      "version": "2.1.2",
      "resolved": "git+ssh://git@github.com/bcoin-org/bmocha.git#ec7daf1674180000e1ba7b24c431b117b4f18c9c",
      "dev": true,
      "license": "MIT",
      "bin": {
        "_bmocha": "bin/_bmocha",
        "bmocha": "bin/bmocha"
      },
      "engines": {
        "node": ">=8.0.0"
      }
    },
    "node_modules/bmutex": {
      "version": "0.1.6",
      "resolved": "https://registry.npmjs.org/bmutex/-/bmutex-0.1.6.tgz",
      "integrity": "sha512-nXWOXtQHbfPaMl6jyEF/rmRMrcemj2qn+OCAI/uZYurjfx7Dg3baoXdPzHOL0U8Cfvn8CWxKcnM/rgxL7DR4zw==",
      "inBundle": true,
      "license": "MIT",
      "dependencies": {
        "bsert": "~0.0.10"
      },
      "engines": {
        "node": ">=8.0.0"
      }
    },
    "node_modules/brq": {
      "version": "0.1.10",
      "resolved": "git+ssh://git@github.com/bcoin-org/brq.git#1dee81082de7f00d92bec1fa659f86ff7ab77ac0",
      "inBundle": true,
      "license": "MIT",
      "dependencies": {
        "bsert": "~0.0.12"
      },
      "engines": {
        "node": ">=8.0.0"
      }
    },
    "node_modules/bs32": {
      "version": "0.1.6",
      "resolved": "git+ssh://git@github.com/bcoin-org/bs32.git#21cf9c724659dc15df722d2410548828c142f265",
      "inBundle": true,
      "license": "MIT",
      "dependencies": {
        "bsert": "~0.0.10"
      },
      "engines": {
        "node": ">=8.0.0"
      }
    },
    "node_modules/bs58": {
      "version": "5.0.0",
      "resolved": "https://registry.npmjs.org/bs58/-/bs58-5.0.0.tgz",
      "integrity": "sha512-r+ihvQJvahgYT50JD05dyJNKlmmSlMoOGwn1lCcEzanPglg7TxYjioQUYehQ9mAR/+hOSd2jRc/Z2y5UxBymvQ==",
      "license": "MIT",
      "dependencies": {
        "base-x": "^4.0.0"
      }
    },
    "node_modules/bs58check": {
      "version": "3.0.1",
      "resolved": "https://registry.npmjs.org/bs58check/-/bs58check-3.0.1.tgz",
      "integrity": "sha512-hjuuJvoWEybo7Hn/0xOrczQKKEKD63WguEjlhLExYs2wUBcebDC1jDNK17eEAD2lYfw82d5ASC1d7K3SWszjaQ==",
      "license": "MIT",
      "dependencies": {
        "@noble/hashes": "^1.2.0",
        "bs58": "^5.0.0"
      }
    },
    "node_modules/bsert": {
      "version": "0.0.13",
      "resolved": "git+ssh://git@github.com/chjj/bsert.git#9707106b6cffcfbe7659c8cae77e8c2e73ab13b5",
      "inBundle": true,
      "license": "MIT",
      "engines": {
        "node": ">=8.0.0"
      }
    },
    "node_modules/bsip": {
      "version": "0.1.9",
      "resolved": "https://registry.npmjs.org/bsip/-/bsip-0.1.9.tgz",
      "integrity": "sha512-i7cVEfCthASPB3BYKS/pZN/D4kh4vToIlSAFcVBLNjzYl1UirT3E2PIGSfNnYR2qZ3UW1qnDavrWEHhLeSKt2A==",
      "hasInstallScript": true,
      "license": "MIT",
      "dependencies": {
        "bsert": "~0.0.10",
        "loady": "~0.0.1",
        "nan": "^2.13.1"
      },
      "engines": {
        "node": ">=8.0.0"
      }
    },
    "node_modules/bsock": {
      "version": "0.1.11",
      "resolved": "git+ssh://git@github.com/bcoin-org/bsock.git#4a580bb7b963c5886af256260eb406f719adb86e",
      "inBundle": true,
      "license": "MIT",
      "dependencies": {
        "bsert": "~0.0.12"
      },
      "engines": {
        "node": ">=8.0.0"
      }
    },
    "node_modules/bsocks": {
      "version": "0.2.6",
      "resolved": "git+ssh://git@github.com/bcoin-org/bsocks.git#6a8eb764dc4408e7f47da4f84e1afb1b393117e8",
      "inBundle": true,
      "license": "MIT",
      "dependencies": {
        "binet": "~0.3.5",
        "bsert": "~0.0.10"
      },
      "engines": {
        "node": ">=8.0.0"
      }
    },
    "node_modules/bstring": {
      "version": "0.3.9",
      "resolved": "https://registry.npmjs.org/bstring/-/bstring-0.3.9.tgz",
      "integrity": "sha512-D95flI7SXL+UsQi9mW+hH+AK2AFfafIJi+3GbbyTAWMe2FqwR9keBxsjGiGd/JM+77Y9WsC+M4EhZVNVcym9jw==",
      "hasInstallScript": true,
      "license": "MIT",
      "dependencies": {
        "bsert": "~0.0.10",
        "loady": "~0.0.1",
        "nan": "^2.13.1"
      },
      "engines": {
        "node": ">=8.0.0"
      }
    },
    "node_modules/btcp": {
      "version": "0.1.5",
      "resolved": "git+ssh://git@github.com/bcoin-org/btcp.git#4ea7e1ce5a43cd5348152c007aff76a419190a3a",
      "inBundle": true,
      "license": "MIT",
      "engines": {
        "node": ">=8.0.0"
      }
    },
    "node_modules/buffer-map": {
      "version": "0.0.7",
      "resolved": "git+ssh://git@github.com/chjj/buffer-map.git#bad5863af9a520701937a17fc8fa2bd8ca8e73f3",
      "inBundle": true,
      "license": "MIT",
      "engines": {
        "node": ">=8.0.0"
      }
    },
    "node_modules/bufio": {
      "version": "1.0.7",
      "resolved": "git+ssh://git@github.com/bcoin-org/bufio.git#91ae6c93899ff9fad7d7cee9afd2a1c4933ca984",
      "inBundle": true,
      "license": "MIT",
      "engines": {
        "node": ">=8.0.0"
      }
    },
    "node_modules/bupnp": {
      "version": "0.2.6",
      "resolved": "git+ssh://git@github.com/bcoin-org/bupnp.git#c44fa7356aa297c9de96e8ad094a6816939cd688",
      "inBundle": true,
      "license": "MIT",
      "dependencies": {
        "binet": "~0.3.5",
        "brq": "~0.1.7",
        "bsert": "~0.0.10"
      },
      "engines": {
        "node": ">=8.0.0"
      }
    },
    "node_modules/bval": {
      "version": "0.1.8",
      "resolved": "git+ssh://git@github.com/bcoin-org/bval.git#f9c44d510bbc5bcc13cbd4b67e9704a24cc5ec0e",
      "inBundle": true,
      "license": "MIT",
      "dependencies": {
        "bsert": "~0.0.10"
      },
      "engines": {
        "node": ">=8.0.0"
      }
    },
    "node_modules/bweb": {
      "version": "0.1.9",
      "resolved": "git+ssh://git@github.com/bcoin-org/bweb.git#31ae94ec9e97079610394e91928fe070d312c39d",
      "inBundle": true,
      "license": "MIT",
      "dependencies": {
        "bsert": "~0.0.10",
        "bsock": "~0.1.8"
      },
      "engines": {
        "node": ">=8.0.0"
      }
    },
    "node_modules/ecashaddrjs": {
      "version": "1.5.8",
      "resolved": "https://registry.npmjs.org/ecashaddrjs/-/ecashaddrjs-1.5.8.tgz",
      "integrity": "sha512-EBL052a1Hd1+wwaBQr3Q+jXY4XfH0jXR1tK360P8GQ9YJUZ5zLG+0I7yee8/QgHY04zdoCzDOY0fRlwqtqDhRg==",
      "license": "MIT",
      "dependencies": {
        "big-integer": "1.6.36",
        "bs58check": "^3.0.1"
      }
    },
    "node_modules/loady": {
      "version": "0.0.5",
      "resolved": "git+ssh://git@github.com/chjj/loady.git#b94958b7ee061518f4b85ea6da380e7ee93222d5",
      "inBundle": true,
      "license": "MIT",
      "engines": {
        "node": ">=8.0.0"
      }
    },
    "node_modules/mrmr": {
      "version": "0.1.10",
      "resolved": "https://registry.npmjs.org/mrmr/-/mrmr-0.1.10.tgz",
      "integrity": "sha512-NJRJs+yJyRWwcTqLRf7O32n56UP1+UQoTrGVEoB3LMj0h2jlon790drDbxKvi5mK5k4HfC0cpNkxqHcrJK/evg==",
      "hasInstallScript": true,
      "license": "MIT",
      "dependencies": {
        "bsert": "~0.0.10",
        "loady": "~0.0.5"
      },
      "engines": {
        "node": ">=8.0.0"
      }
    },
    "node_modules/n64": {
      "version": "0.2.10",
      "resolved": "git+ssh://git@github.com/chjj/n64.git#34f981f1441f569821d97a31f8cf21a3fc11b8f6",
      "inBundle": true,
      "license": "MIT",
      "engines": {
        "node": ">=2.0.0"
      }
    },
    "node_modules/nan": {
      "version": "2.14.0",
      "resolved": "git+ssh://git@github.com/braydonf/nan.git#1dcc61bd06d84e389bfd5311b2b1492a14c74201",
      "inBundle": true,
      "license": "MIT"
    }
  }
}
