# THIS IS AN AUTOGENERATED FILE. DO NOT EDIT THIS FILE DIRECTLY.
# yarn lockfile v1


"bcfg@git+https://github.com/bcoin-org/bcfg.git#semver:~0.1.6":
  version "0.1.7"
  resolved "git+https://github.com/bcoin-org/bcfg.git#05122154b35baa82cd01dc9478ebee7346386ba1"
  dependencies:
    bsert "~0.0.10"

"bcrypto@git+https://github.com/bcoin-org/bcrypto.git#semver:~5.0.3", "bcrypto@git+https://github.com/bcoin-org/bcrypto.git#semver:~5.0.4":
  version "5.0.4"
  uid "0a01f693443d8b19f6db1154e0133c7bf703b205"
  resolved "git+https://github.com/bcoin-org/bcrypto.git#0a01f693443d8b19f6db1154e0133c7bf703b205"
  dependencies:
    bufio "~1.0.6"
    loady "~0.0.1"
    nan "^2.14.0"

"bcurl@git+https://github.com/bcoin-org/bcurl.git#semver:^0.1.6":
  version "0.1.10"
  resolved "git+https://github.com/bcoin-org/bcurl.git#d7e088fad4c284fb5d6fd7205c6b903bd3e6bf83"
  dependencies:
    brq "~0.1.8"
    bsert "~0.0.10"
    bsock "~0.1.9"

"bdb@git+https://github.com/bcoin-org/bdb.git#semver:~1.2.1":
  version "1.2.2"
  resolved "git+https://github.com/bcoin-org/bdb.git#2c8d48c8adca4b11260263472766cd4b7ae74ef7"
  dependencies:
    bsert "~0.0.10"
    loady "~0.0.1"

"bdns@git+https://github.com/bcoin-org/bdns.git#semver:~0.1.5":
  version "0.1.5"
  resolved "git+https://github.com/bcoin-org/bdns.git#cb0b62a0075f7e1259fc50fa723ba644e9a07d14"
  dependencies:
    bsert "~0.0.10"

"bevent@git+https://github.com/bcoin-org/bevent.git#semver:~0.1.5":
  version "0.1.5"
  resolved "git+https://github.com/bcoin-org/bevent.git#60fb503de3ea1292d29ce438bfba80f0bc5ccb60"
  dependencies:
    bsert "~0.0.10"

"bfile@git+https://github.com/bcoin-org/bfile.git#semver:~0.2.1":
  version "0.2.2"
  resolved "git+https://github.com/bcoin-org/bfile.git#c3075133a02830dc384f8353d8275d4499b8bff9"

"bfilter@git+https://github.com/bcoin-org/bfilter.git#semver:~2.0.0":
  version "2.0.0"
  resolved "git+https://github.com/bcoin-org/bfilter.git#252b496e0057e1b59288efe8472fd021c74f5b91"
  dependencies:
    bcrypto "git+https://github.com/bcoin-org/bcrypto.git#semver:~5.0.3"
    bsert "git+https://github.com/chjj/bsert.git#semver:~0.0.10"
    bufio "git+https://github.com/bcoin-org/bufio.git#semver:~1.0.6"
    loady "git+https://github.com/chjj/loady.git#semver:~0.0.1"
    nan "git+https://github.com/braydonf/nan.git#semver:~2.14.0"

"bheep@git+https://github.com/bcoin-org/bheep.git#semver:~0.1.5":
  version "0.1.5"
  resolved "git+https://github.com/bcoin-org/bheep.git#e59329d0a776ae71b2fb7a2876ee5b9fd3030fa2"
  dependencies:
    bsert "~0.0.10"

big-integer@1.6.36:
  version "1.6.36"
  resolved "https://registry.yarnpkg.com/big-integer/-/big-integer-1.6.36.tgz#78631076265d4ae3555c04f85e7d9d2f3a071a36"
  integrity sha512-t70bfa7HYEA1D9idDbmuv7YbsbVkQ+Hp+8KFSul4aE5e/i1bjCNIRYJZlA8Q8p0r9T8cF/RVvwUgRA//FydEyg==

"binet@git+https://github.com/bcoin-org/binet.git#semver:~0.3.5", binet@~0.3.5:
  version "0.3.7"
  resolved "git+https://github.com/bcoin-org/binet.git#138bbd45f343a35259333ac7cc995c3542b6d7dc"
  dependencies:
    bs32 "~0.1.5"
    bsert "~0.0.10"

"blgr@git+https://github.com/bcoin-org/blgr.git#semver:~0.1.7":
  version "0.1.9"
  resolved "git+https://github.com/bcoin-org/blgr.git#d95f22fef712becee80588de07807c6f92436c7c"
  dependencies:
    bsert "~0.0.10"

"blru@git+https://github.com/bcoin-org/blru.git#semver:~0.1.6":
  version "0.1.6"
  resolved "git+https://github.com/bcoin-org/blru.git#c2c093e9475439333dfb87bfb2fdc3be6c98b080"
  dependencies:
    bsert "~0.0.10"

"blst@git+https://github.com/bcoin-org/blst.git#semver:~0.1.5":
  version "0.1.5"
  resolved "git+https://github.com/bcoin-org/blst.git#d588403edb18e628899e05aeba8c3a98a5cdedff"
  dependencies:
    bsert "~0.0.10"

"bmocha@git+https://github.com/bcoin-org/bmocha.git#semver:=2.1.2":
  version "2.1.2"
  resolved "git+https://github.com/bcoin-org/bmocha.git#ec7daf1674180000e1ba7b24c431b117b4f18c9c"

"bmutex@git+https://github.com/bcoin-org/bmutex.git#semver:~0.1.6":
  version "0.1.6"
  resolved "git+https://github.com/bcoin-org/bmutex.git#e50782323932a4946ecc05a74c6d45861adc2c25"
  dependencies:
    bsert "~0.0.10"

"brq@git+https://github.com/bcoin-org/brq.git#semver:~0.1.7":
  version "0.1.8"
  resolved "git+https://github.com/bcoin-org/brq.git#534bb2c83fb366ba40ad80bc3de796a174503294"
  dependencies:
    bsert "~0.0.10"

brq@~0.1.7, brq@~0.1.8:
  version "0.1.8"
  resolved "https://registry.yarnpkg.com/brq/-/brq-0.1.8.tgz#35c68bf48e0aef19e397dcd1a1ba7a0cfb3baca2"
  integrity sha512-6SDY1lJMKXgt5TZ6voJQMH2zV1XPWWtm203PSkx3DSg9AYNYuRfOPFSBDkNemabzgpzFW9/neR4YhTvyJml8rQ==
  dependencies:
    bsert "~0.0.10"

"bs32@git+https://github.com/bcoin-org/bs32.git#semver:=0.1.6":
  version "0.1.6"
  resolved "git+https://github.com/bcoin-org/bs32.git#21cf9c724659dc15df722d2410548828c142f265"
  dependencies:
    bsert "~0.0.10"

bs32@~0.1.5:
  version "0.1.6"
  resolved "https://registry.yarnpkg.com/bs32/-/bs32-0.1.6.tgz#2710cb70da3f55447138181fa645e2c54b1ef6d0"
  integrity sha512-usjDesQqZ8ihHXOnOEQuAdymBHnJEfSd+aELFSg1jN/V3iAf12HrylHlRJwIt6DTMmXpBDQ+YBg3Q3DIYdhRgQ==
  dependencies:
    bsert "~0.0.10"

"bsert@git+https://github.com/chjj/bsert.git#semver:~0.0.10":
  version "0.0.10"
  resolved "git+https://github.com/chjj/bsert.git#bd09d49eab8644bca08ae8259a3d8756e7d453fc"

bsert@~0.0.10:
  version "0.0.10"
  resolved "https://registry.yarnpkg.com/bsert/-/bsert-0.0.10.tgz#231ac82873a1418c6ade301ab5cd9ae385895597"
  integrity sha512-NHNwlac+WPy4t2LoNh8pXk8uaIGH3NSaIUbTTRXGpE2WEbq0te/tDykYHkFK57YKLPjv/aGHmbqvnGeVWDz57Q==

bsip@^0.1.8:
  version "0.1.9"
  resolved "https://registry.yarnpkg.com/bsip/-/bsip-0.1.9.tgz#5fc7667ada17eb5c285b5634acbf5e6dc45eebda"
  integrity sha512-i7cVEfCthASPB3BYKS/pZN/D4kh4vToIlSAFcVBLNjzYl1UirT3E2PIGSfNnYR2qZ3UW1qnDavrWEHhLeSKt2A==
  dependencies:
    bsert "~0.0.10"
    loady "~0.0.1"
    nan "^2.13.1"

"bsock@git+https://github.com/bcoin-org/bsock.git#semver:~0.1.9":
  version "0.1.9"
  resolved "git+https://github.com/bcoin-org/bsock.git#7cf76b3021ae7929c023d1170f789811e91ae528"
  dependencies:
    bsert "~0.0.10"

bsock@~0.1.8, bsock@~0.1.9:
  version "0.1.9"
  resolved "https://registry.yarnpkg.com/bsock/-/bsock-0.1.9.tgz#6aa14b8e4bda730e0f60ec73eb52a8a888ac22c8"
  integrity sha512-/l9Kg/c5o+n/0AqreMxh2jpzDMl1ikl4gUxT7RFNe3A3YRIyZkiREhwcjmqxiymJSRI/Qhew357xGn1SLw/xEw==
  dependencies:
    bsert "~0.0.10"

"bsocks@git+https://github.com/bcoin-org/bsocks.git#semver:~0.2.6":
  version "0.2.6"
  resolved "git+https://github.com/bcoin-org/bsocks.git#6a8eb764dc4408e7f47da4f84e1afb1b393117e8"
  dependencies:
    binet "~0.3.5"
    bsert "~0.0.10"

bstring@^0.3.8:
  version "0.3.9"
  resolved "https://registry.yarnpkg.com/bstring/-/bstring-0.3.9.tgz#dc50294b54e9e767c07ca5592795dcc59ef1bf2e"
  integrity sha512-D95flI7SXL+UsQi9mW+hH+AK2AFfafIJi+3GbbyTAWMe2FqwR9keBxsjGiGd/JM+77Y9WsC+M4EhZVNVcym9jw==
  dependencies:
    bsert "~0.0.10"
    loady "~0.0.1"
    nan "^2.13.1"

"btcp@git+https://github.com/bcoin-org/btcp.git#semver:~0.1.5":
  version "0.1.5"
  resolved "git+https://github.com/bcoin-org/btcp.git#4ea7e1ce5a43cd5348152c007aff76a419190a3a"

"buffer-map@git+https://github.com/chjj/buffer-map.git#semver:~0.0.7":
  version "0.0.7"
  resolved "git+https://github.com/chjj/buffer-map.git#bad5863af9a520701937a17fc8fa2bd8ca8e73f3"

"bufio@git+https://github.com/bcoin-org/bufio.git#semver:~1.0.6":
  version "1.0.7"
  resolved "git+https://github.com/bcoin-org/bufio.git#91ae6c93899ff9fad7d7cee9afd2a1c4933ca984"

bufio@~1.0.6:
  version "1.0.7"
  resolved "https://registry.yarnpkg.com/bufio/-/bufio-1.0.7.tgz#b7f63a1369a0829ed64cc14edf0573b3e382a33e"
  integrity sha512-bd1dDQhiC+bEbEfg56IdBv7faWa6OipMs/AFFFvtFnB3wAYjlwQpQRZ0pm6ZkgtfL0pILRXhKxOiQj6UzoMR7A==

"bupnp@git+https://github.com/bcoin-org/bupnp.git#semver:~0.2.6":
  version "0.2.6"
  resolved "git+https://github.com/bcoin-org/bupnp.git#c44fa7356aa297c9de96e8ad094a6816939cd688"
  dependencies:
    binet "~0.3.5"
    brq "~0.1.7"
    bsert "~0.0.10"

"bval@git+https://github.com/bcoin-org/bval.git#semver:~0.1.6":
  version "0.1.6"
  resolved "git+https://github.com/bcoin-org/bval.git#c8cd14419ca46f63610dc48b797b076835e86f48"
  dependencies:
    bsert "~0.0.10"

"bweb@git+https://github.com/bcoin-org/bweb.git#semver:=0.1.9":
  version "0.1.9"
  resolved "git+https://github.com/bcoin-org/bweb.git#31ae94ec9e97079610394e91928fe070d312c39d"
  dependencies:
    bsert "~0.0.10"
    bsock "~0.1.8"

ecashaddrjs@^1.0.7:
  version "1.0.7"
  resolved "https://registry.yarnpkg.com/ecashaddrjs/-/ecashaddrjs-1.0.7.tgz#22dc0842d0c3e186f9f160ca55299b679ab17d8a"
  integrity sha512-KsvHYLlYtLr/GBkEPiwwQDIDBzqRx61qC34n1puHKOjVE4Uwg3syHccjFCqNynLa6T6xI0Rd7ByCRUJcuJcoIw==
  dependencies:
    big-integer "1.6.36"

"loady@git+https://github.com/chjj/loady.git#semver:~0.0.1":
  version "0.0.5"
  resolved "git+https://github.com/chjj/loady.git#b94958b7ee061518f4b85ea6da380e7ee93222d5"

loady@~0.0.1, loady@~0.0.5:
  version "0.0.5"
  resolved "https://registry.yarnpkg.com/loady/-/loady-0.0.5.tgz#b17adb52d2fb7e743f107b0928ba0b591da5d881"
  integrity sha512-uxKD2HIj042/HBx77NBcmEPsD+hxCgAtjEWlYNScuUjIsh/62Uyu39GOR68TBR68v+jqDL9zfftCWoUo4y03sQ==

mrmr@^0.1.8:
  version "0.1.10"
  resolved "https://registry.yarnpkg.com/mrmr/-/mrmr-0.1.10.tgz#95845c3031b99f34937c5f672800c2d0fec1cf31"
  integrity sha512-NJRJs+yJyRWwcTqLRf7O32n56UP1+UQoTrGVEoB3LMj0h2jlon790drDbxKvi5mK5k4HfC0cpNkxqHcrJK/evg==
  dependencies:
    bsert "~0.0.10"
    loady "~0.0.5"

"n64@git+https://github.com/chjj/n64.git#semver:~0.2.10":
  version "0.2.10"
  resolved "git+https://github.com/chjj/n64.git#34f981f1441f569821d97a31f8cf21a3fc11b8f6"

nan@^2.13.1, nan@^2.14.0:
  version "2.17.0"
  resolved "https://registry.yarnpkg.com/nan/-/nan-2.17.0.tgz#c0150a2368a182f033e9aa5195ec76ea41a199cb"
  integrity sha512-2ZTgtl0nJsO0KQCjEpxcIr5D+Yv90plTitZt9JBfQvVJDS5seMl3FOvsh3+9CoYWXf/1l5OaZzzF6nDm4cagaQ==

"nan@git+https://github.com/braydonf/nan.git#semver:=2.14.0", "nan@git+https://github.com/braydonf/nan.git#semver:~2.14.0":
  version "2.14.0"
  uid "1dcc61bd06d84e389bfd5311b2b1492a14c74201"
  resolved "git+https://github.com/braydonf/nan.git#1dcc61bd06d84e389bfd5311b2b1492a14c74201"
